# This file is generated by running "yarn install" inside your project.
# Manual changes might be lost - proceed with caution!

__metadata:
  version: 8
  cacheKey: 10c0

"@nodelib/fs.scandir@npm:2.1.5":
  version: 2.1.5
  resolution: "@nodelib/fs.scandir@npm:2.1.5"
  dependencies:
    "@nodelib/fs.stat": "npm:2.0.5"
    run-parallel: "npm:^1.1.9"
  checksum: 10c0/732c3b6d1b1e967440e65f284bd06e5821fedf10a1bea9ed2bb75956ea1f30e08c44d3def9d6a230666574edbaf136f8cfd319c14fd1f87c66e6a44449afb2eb
  languageName: node
  linkType: hard

"@nodelib/fs.stat@npm:2.0.5, @nodelib/fs.stat@npm:^2.0.2":
  version: 2.0.5
  resolution: "@nodelib/fs.stat@npm:2.0.5"
  checksum: 10c0/88dafe5e3e29a388b07264680dc996c17f4bda48d163a9d4f5c1112979f0ce8ec72aa7116122c350b4e7976bc5566dc3ddb579be1ceaacc727872eb4ed93926d
  languageName: node
  linkType: hard

"@nodelib/fs.walk@npm:^1.2.3":
  version: 1.2.8
  resolution: "@nodelib/fs.walk@npm:1.2.8"
  dependencies:
    "@nodelib/fs.scandir": "npm:2.1.5"
    fastq: "npm:^1.6.0"
  checksum: 10c0/db9de047c3bb9b51f9335a7bb46f4fcfb6829fb628318c12115fbaf7d369bfce71c15b103d1fc3b464812d936220ee9bc1c8f762d032c9f6be9acc99249095b1
  languageName: node
  linkType: hard

"@types/async-retry@npm:1.4.8":
  version: 1.4.8
  resolution: "@types/async-retry@npm:1.4.8"
  dependencies:
    "@types/retry": "npm:*"
  checksum: 10c0/4e1fff979175b0ddec73d074f1a5fdca9867f255e1f6d19888a328c381aee6cda0b76dc0c0fd928bd2c723b651b3bfb068de2807998887f7dd9f436eb5b8b7d9
  languageName: node
  linkType: hard

"@types/ci-info@npm:2.0.0":
  version: 2.0.0
  resolution: "@types/ci-info@npm:2.0.0"
  checksum: 10c0/5c717136b706de46527bffb73ca897b1c32de519b4ccc32ff9000cbb2993ea2cfe2f79d0bdf840a80deefef21169981d42af5c08446f749775f00c4bf49fbcd2
  languageName: node
  linkType: hard

"@types/cross-spawn@npm:6.0.0":
  version: 6.0.0
  resolution: "@types/cross-spawn@npm:6.0.0"
  dependencies:
    "@types/node": "npm:*"
  checksum: 10c0/2971160cda3393ea2165698ded28db9fb08a193869340ec74f2954c267fc4fd3bc624d967ee088385edca30aa548f9416bc6979d54b26c61557b09c6f42e9177
  languageName: node
  linkType: hard

"@types/node@npm:*, @types/node@npm:^20.12.6":
  version: 20.12.6
  resolution: "@types/node@npm:20.12.6"
  dependencies:
    undici-types: "npm:~5.26.4"
  checksum: 10c0/48ce732162cd6c02656aa5f996f0e695b57fdeb1ae762fbaa966afac2dcdcf52cb56be5ce1efb4babf8f97c2de545889aebc7f43c2e86f033487245c41fa1e6b
  languageName: node
  linkType: hard

"@types/prompts@npm:2.4.2":
  version: 2.4.2
  resolution: "@types/prompts@npm:2.4.2"
  dependencies:
    "@types/node": "npm:*"
    kleur: "npm:^3.0.3"
  checksum: 10c0/f6fbd91a6a23017ee9a8da870f1354aaa5052a7907d17c41a2364ca4c546f4bad952c7bb6dfe824f0a7385aad4d9f2faf284cc7239e99c2f7675dea3bc2cdcc4
  languageName: node
  linkType: hard

"@types/retry@npm:*":
  version: 0.12.5
  resolution: "@types/retry@npm:0.12.5"
  checksum: 10c0/eaaca483cc62f2f02c0b8486847ee70986ca7f97afd7363037247dbe3e98df8bd56a5b50d58b1e96768a5a1be0307010d86e9991bd458d72e8df88be471bd720
  languageName: node
  linkType: hard

"@types/tar@npm:6.1.5":
  version: 6.1.5
  resolution: "@types/tar@npm:6.1.5"
  dependencies:
    "@types/node": "npm:*"
    minipass: "npm:^4.0.0"
  checksum: 10c0/18a9aad459f376ff0e56f4b5f3071769a4d5335a289a202a688185c73c738f4c67a967496067bf681477aac368d308620a9f0887a77476f1ff65b409689b56d4
  languageName: node
  linkType: hard

"@types/validate-npm-package-name@npm:3.0.0":
  version: 3.0.0
  resolution: "@types/validate-npm-package-name@npm:3.0.0"
  checksum: 10c0/be38eb1415f7b74d3512261c3d72f965e6247993abb49b24204506fb9f0c00dcb1b31139ae4bb1759189687e6e0f0ea2b3166973ddfe77aa6e2daf3f72490a8b
  languageName: node
  linkType: hard

"ajv-formats@npm:^2.1.1":
  version: 2.1.1
  resolution: "ajv-formats@npm:2.1.1"
  dependencies:
    ajv: "npm:^8.0.0"
  peerDependencies:
    ajv: ^8.0.0
  peerDependenciesMeta:
    ajv:
      optional: true
  checksum: 10c0/e43ba22e91b6a48d96224b83d260d3a3a561b42d391f8d3c6d2c1559f9aa5b253bfb306bc94bbeca1d967c014e15a6efe9a207309e95b3eaae07fcbcdc2af662
  languageName: node
  linkType: hard

"ajv@npm:^8.0.0, ajv@npm:^8.6.3":
  version: 8.12.0
  resolution: "ajv@npm:8.12.0"
  dependencies:
    fast-deep-equal: "npm:^3.1.1"
    json-schema-traverse: "npm:^1.0.0"
    require-from-string: "npm:^2.0.2"
    uri-js: "npm:^4.2.2"
  checksum: 10c0/ac4f72adf727ee425e049bc9d8b31d4a57e1c90da8d28bcd23d60781b12fcd6fc3d68db5df16994c57b78b94eed7988f5a6b482fd376dc5b084125e20a0a622e
  languageName: node
  linkType: hard

"async-retry@npm:1.3.1":
  version: 1.3.1
  resolution: "async-retry@npm:1.3.1"
  dependencies:
    retry: "npm:0.12.0"
  checksum: 10c0/acfab0e841d66623468aa62cd46e16736e766de8f86766dc7a03dbe2b764787f1082732d1b3d398de7e250a9ea2552e6ff773bbf12a18abffcf63de5de14bab6
  languageName: node
  linkType: hard

"atomically@npm:^1.7.0":
  version: 1.7.0
  resolution: "atomically@npm:1.7.0"
  checksum: 10c0/31f5efd5d69474681268557af4024f9e10223bb6b39fdedb5f2e19405186c4b76284fac9f6c43c9af75013cad6437e93b7168268f5ddb7aaf1cfc5fdb415f227
  languageName: node
  linkType: hard

"braces@npm:^3.0.2":
  version: 3.0.2
  resolution: "braces@npm:3.0.2"
  dependencies:
    fill-range: "npm:^7.0.1"
  checksum: 10c0/321b4d675791479293264019156ca322163f02dc06e3c4cab33bb15cd43d80b51efef69b0930cfde3acd63d126ebca24cd0544fa6f261e093a0fb41ab9dda381
  languageName: node
  linkType: hard

"builtins@npm:^1.0.3":
  version: 1.0.3
  resolution: "builtins@npm:1.0.3"
  checksum: 10c0/493afcc1db0a56d174cc85bebe5ca69144f6fdd0007d6cbe6b2434185314c79d83cb867e492b56aa5cf421b4b8a8135bf96ba4c3ce71994cf3da154d1ea59747
  languageName: node
  linkType: hard

"chownr@npm:^2.0.0":
  version: 2.0.0
  resolution: "chownr@npm:2.0.0"
  checksum: 10c0/594754e1303672171cc04e50f6c398ae16128eb134a88f801bf5354fd96f205320f23536a045d9abd8b51024a149696e51231565891d4efdab8846021ecf88e6
  languageName: node
  linkType: hard

"ci-info@watson/ci-info#f43f6a1cefff47fb361c88cf4b943fdbcaafe540":
  version: 2.0.0
  resolution: "ci-info@git+ssh://git@github.com/watson/ci-info.git#commit=f43f6a1cefff47fb361c88cf4b943fdbcaafe540"
  checksum: 10c0/7ec506df318e43451b0bc5da8d7c811fba1b703c3935baf911af346cbaa4157f1f1cd1048060b6fa1dcfbd72c0832011e84ab0c508be8caf90eddc456b3aee42
  languageName: node
  linkType: hard

"commander@npm:12.0.0":
  version: 12.0.0
  resolution: "commander@npm:12.0.0"
  checksum: 10c0/e51cac1d1d0aa1f76581981d2256a9249497e08f5a370bf63b0dfc7e76a647fc8cbc3ddd507928f2bdca6c514c83834e87e2687ace2fe2fc7cc7e631bf80f83d
  languageName: node
  linkType: hard

"conf@npm:10.2.0":
  version: 10.2.0
  resolution: "conf@npm:10.2.0"
  dependencies:
    ajv: "npm:^8.6.3"
    ajv-formats: "npm:^2.1.1"
    atomically: "npm:^1.7.0"
    debounce-fn: "npm:^4.0.0"
    dot-prop: "npm:^6.0.1"
    env-paths: "npm:^2.2.1"
    json-schema-typed: "npm:^7.0.3"
    onetime: "npm:^5.1.2"
    pkg-up: "npm:^3.1.0"
    semver: "npm:^7.3.5"
  checksum: 10c0/d608d8c54ba7fad368eac640e77f2ce0334ec27cfd62ac39f44e361af8af9915eaa6c2ada81fbc25c3219273d972b4868bc752e8e2116cb6e12d35df72dc25a4
  languageName: node
  linkType: hard

"create-ragstack-app@workspace:.":
  version: 0.0.0-use.local
  resolution: "create-ragstack-app@workspace:."
  dependencies:
    "@types/async-retry": "npm:1.4.8"
    "@types/ci-info": "npm:2.0.0"
    "@types/cross-spawn": "npm:6.0.0"
    "@types/node": "npm:^20.12.6"
    "@types/prompts": "npm:2.4.2"
    "@types/tar": "npm:6.1.5"
    "@types/validate-npm-package-name": "npm:3.0.0"
    async-retry: "npm:1.3.1"
    ci-info: "watson/ci-info#f43f6a1cefff47fb361c88cf4b943fdbcaafe540"
    commander: "npm:12.0.0"
    conf: "npm:10.2.0"
    cross-spawn: "npm:7.0.3"
    fast-glob: "npm:3.3.1"
    picocolors: "npm:1.0.0"
    prettier-plugin-tailwindcss: "npm:0.3.0"
    prompts: "npm:2.4.2"
    tar: "npm:6.1.15"
    typescript: "npm:^5.4.4"
    update-check: "npm:1.5.4"
    validate-npm-package-name: "npm:3.0.0"
  bin:
    create-ragstack-app: ./dist/index.js
  languageName: unknown
  linkType: soft

"cross-spawn@npm:7.0.3":
  version: 7.0.3
  resolution: "cross-spawn@npm:7.0.3"
  dependencies:
    path-key: "npm:^3.1.0"
    shebang-command: "npm:^2.0.0"
    which: "npm:^2.0.1"
  checksum: 10c0/5738c312387081c98d69c98e105b6327b069197f864a60593245d64c8089c8a0a744e16349281210d56835bb9274130d825a78b2ad6853ca13cfbeffc0c31750
  languageName: node
  linkType: hard

"debounce-fn@npm:^4.0.0":
  version: 4.0.0
  resolution: "debounce-fn@npm:4.0.0"
  dependencies:
    mimic-fn: "npm:^3.0.0"
  checksum: 10c0/bcbd8eb253bdb6ee2f32759c95973c62bc479e74efbe1a44e17acfb0ea7d4bcbe615bf7e34aab80247ac08669c1ab72f7da0f384ceb7f15c18333d31d9030384
  languageName: node
  linkType: hard

"deep-extend@npm:^0.6.0":
  version: 0.6.0
  resolution: "deep-extend@npm:0.6.0"
  checksum: 10c0/1c6b0abcdb901e13a44c7d699116d3d4279fdb261983122a3783e7273844d5f2537dc2e1c454a23fcf645917f93fbf8d07101c1d03c015a87faa662755212566
  languageName: node
  linkType: hard

"dot-prop@npm:^6.0.1":
  version: 6.0.1
  resolution: "dot-prop@npm:6.0.1"
  dependencies:
    is-obj: "npm:^2.0.0"
  checksum: 10c0/30e51ec6408978a6951b21e7bc4938aad01a86f2fdf779efe52330205c6bb8a8ea12f35925c2029d6dc9d1df22f916f32f828ce1e9b259b1371c580541c22b5a
  languageName: node
  linkType: hard

"env-paths@npm:^2.2.1":
  version: 2.2.1
  resolution: "env-paths@npm:2.2.1"
  checksum: 10c0/285325677bf00e30845e330eec32894f5105529db97496ee3f598478e50f008c5352a41a30e5e72ec9de8a542b5a570b85699cd63bd2bc646dbcb9f311d83bc4
  languageName: node
  linkType: hard

"fast-deep-equal@npm:^3.1.1":
  version: 3.1.3
  resolution: "fast-deep-equal@npm:3.1.3"
  checksum: 10c0/40dedc862eb8992c54579c66d914635afbec43350afbbe991235fdcb4e3a8d5af1b23ae7e79bef7d4882d0ecee06c3197488026998fb19f72dc95acff1d1b1d0
  languageName: node
  linkType: hard

"fast-glob@npm:3.3.1":
  version: 3.3.1
  resolution: "fast-glob@npm:3.3.1"
  dependencies:
    "@nodelib/fs.stat": "npm:^2.0.2"
    "@nodelib/fs.walk": "npm:^1.2.3"
    glob-parent: "npm:^5.1.2"
    merge2: "npm:^1.3.0"
    micromatch: "npm:^4.0.4"
  checksum: 10c0/b68431128fb6ce4b804c5f9622628426d990b66c75b21c0d16e3d80e2d1398bf33f7e1724e66a2e3f299285dcf5b8d745b122d0304e7dd66f5231081f33ec67c
  languageName: node
  linkType: hard

"fastq@npm:^1.6.0":
  version: 1.17.1
  resolution: "fastq@npm:1.17.1"
  dependencies:
    reusify: "npm:^1.0.4"
  checksum: 10c0/1095f16cea45fb3beff558bb3afa74ca7a9250f5a670b65db7ed585f92b4b48381445cd328b3d87323da81e43232b5d5978a8201bde84e0cd514310f1ea6da34
  languageName: node
  linkType: hard

"fill-range@npm:^7.0.1":
  version: 7.0.1
  resolution: "fill-range@npm:7.0.1"
  dependencies:
    to-regex-range: "npm:^5.0.1"
  checksum: 10c0/7cdad7d426ffbaadf45aeb5d15ec675bbd77f7597ad5399e3d2766987ed20bda24d5fac64b3ee79d93276f5865608bb22344a26b9b1ae6c4d00bd94bf611623f
  languageName: node
  linkType: hard

"find-up@npm:^3.0.0":
  version: 3.0.0
  resolution: "find-up@npm:3.0.0"
  dependencies:
    locate-path: "npm:^3.0.0"
  checksum: 10c0/2c2e7d0a26db858e2f624f39038c74739e38306dee42b45f404f770db357947be9d0d587f1cac72d20c114deb38aa57316e879eb0a78b17b46da7dab0a3bd6e3
  languageName: node
  linkType: hard

"fs-minipass@npm:^2.0.0":
  version: 2.1.0
  resolution: "fs-minipass@npm:2.1.0"
  dependencies:
    minipass: "npm:^3.0.0"
  checksum: 10c0/703d16522b8282d7299337539c3ed6edddd1afe82435e4f5b76e34a79cd74e488a8a0e26a636afc2440e1a23b03878e2122e3a2cfe375a5cf63c37d92b86a004
  languageName: node
  linkType: hard

"glob-parent@npm:^5.1.2":
  version: 5.1.2
  resolution: "glob-parent@npm:5.1.2"
  dependencies:
    is-glob: "npm:^4.0.1"
  checksum: 10c0/cab87638e2112bee3f839ef5f6e0765057163d39c66be8ec1602f3823da4692297ad4e972de876ea17c44d652978638d2fd583c6713d0eb6591706825020c9ee
  languageName: node
  linkType: hard

"ini@npm:~1.3.0":
  version: 1.3.8
  resolution: "ini@npm:1.3.8"
  checksum: 10c0/ec93838d2328b619532e4f1ff05df7909760b6f66d9c9e2ded11e5c1897d6f2f9980c54dd638f88654b00919ce31e827040631eab0a3969e4d1abefa0719516a
  languageName: node
  linkType: hard

"is-extglob@npm:^2.1.1":
  version: 2.1.1
  resolution: "is-extglob@npm:2.1.1"
  checksum: 10c0/5487da35691fbc339700bbb2730430b07777a3c21b9ebaecb3072512dfd7b4ba78ac2381a87e8d78d20ea08affb3f1971b4af629173a6bf435ff8a4c47747912
  languageName: node
  linkType: hard

"is-glob@npm:^4.0.1":
  version: 4.0.3
  resolution: "is-glob@npm:4.0.3"
  dependencies:
    is-extglob: "npm:^2.1.1"
  checksum: 10c0/17fb4014e22be3bbecea9b2e3a76e9e34ff645466be702f1693e8f1ee1adac84710d0be0bd9f967d6354036fd51ab7c2741d954d6e91dae6bb69714de92c197a
  languageName: node
  linkType: hard

"is-number@npm:^7.0.0":
  version: 7.0.0
  resolution: "is-number@npm:7.0.0"
  checksum: 10c0/b4686d0d3053146095ccd45346461bc8e53b80aeb7671cc52a4de02dbbf7dc0d1d2a986e2fe4ae206984b4d34ef37e8b795ebc4f4295c978373e6575e295d811
  languageName: node
  linkType: hard

"is-obj@npm:^2.0.0":
  version: 2.0.0
  resolution: "is-obj@npm:2.0.0"
  checksum: 10c0/85044ed7ba8bd169e2c2af3a178cacb92a97aa75de9569d02efef7f443a824b5e153eba72b9ae3aca6f8ce81955271aa2dc7da67a8b720575d3e38104208cb4e
  languageName: node
  linkType: hard

"isexe@npm:^2.0.0":
  version: 2.0.0
  resolution: "isexe@npm:2.0.0"
  checksum: 10c0/228cfa503fadc2c31596ab06ed6aa82c9976eec2bfd83397e7eaf06d0ccf42cd1dfd6743bf9aeb01aebd4156d009994c5f76ea898d2832c1fe342da923ca457d
  languageName: node
  linkType: hard

"json-schema-traverse@npm:^1.0.0":
  version: 1.0.0
  resolution: "json-schema-traverse@npm:1.0.0"
  checksum: 10c0/71e30015d7f3d6dc1c316d6298047c8ef98a06d31ad064919976583eb61e1018a60a0067338f0f79cabc00d84af3fcc489bd48ce8a46ea165d9541ba17fb30c6
  languageName: node
  linkType: hard

"json-schema-typed@npm:^7.0.3":
  version: 7.0.3
  resolution: "json-schema-typed@npm:7.0.3"
  checksum: 10c0/b4a6d984dd91f9aba72df8768c5ced99e789b8e17b55ee24afb3a687ce55b70a7b3f4360cac67939e1ff98e136ca26f3aa530635c13ef371ae5edc48b69a65f6
  languageName: node
  linkType: hard

"kleur@npm:^3.0.3":
  version: 3.0.3
  resolution: "kleur@npm:3.0.3"
  checksum: 10c0/cd3a0b8878e7d6d3799e54340efe3591ca787d9f95f109f28129bdd2915e37807bf8918bb295ab86afb8c82196beec5a1adcaf29042ce3f2bd932b038fe3aa4b
  languageName: node
  linkType: hard

"locate-path@npm:^3.0.0":
  version: 3.0.0
  resolution: "locate-path@npm:3.0.0"
  dependencies:
    p-locate: "npm:^3.0.0"
    path-exists: "npm:^3.0.0"
  checksum: 10c0/3db394b7829a7fe2f4fbdd25d3c4689b85f003c318c5da4052c7e56eed697da8f1bce5294f685c69ff76e32cba7a33629d94396976f6d05fb7f4c755c5e2ae8b
  languageName: node
  linkType: hard

"lru-cache@npm:^6.0.0":
  version: 6.0.0
  resolution: "lru-cache@npm:6.0.0"
  dependencies:
    yallist: "npm:^4.0.0"
  checksum: 10c0/cb53e582785c48187d7a188d3379c181b5ca2a9c78d2bce3e7dee36f32761d1c42983da3fe12b55cb74e1779fa94cdc2e5367c028a9b35317184ede0c07a30a9
  languageName: node
  linkType: hard

"merge2@npm:^1.3.0":
  version: 1.4.1
  resolution: "merge2@npm:1.4.1"
  checksum: 10c0/254a8a4605b58f450308fc474c82ac9a094848081bf4c06778200207820e5193726dc563a0d2c16468810516a5c97d9d3ea0ca6585d23c58ccfff2403e8dbbeb
  languageName: node
  linkType: hard

"micromatch@npm:^4.0.4":
  version: 4.0.5
  resolution: "micromatch@npm:4.0.5"
  dependencies:
    braces: "npm:^3.0.2"
    picomatch: "npm:^2.3.1"
  checksum: 10c0/3d6505b20f9fa804af5d8c596cb1c5e475b9b0cd05f652c5b56141cf941bd72adaeb7a436fda344235cef93a7f29b7472efc779fcdb83b478eab0867b95cdeff
  languageName: node
  linkType: hard

"mimic-fn@npm:^2.1.0":
  version: 2.1.0
  resolution: "mimic-fn@npm:2.1.0"
  checksum: 10c0/b26f5479d7ec6cc2bce275a08f146cf78f5e7b661b18114e2506dd91ec7ec47e7a25bf4360e5438094db0560bcc868079fb3b1fb3892b833c1ecbf63f80c95a4
  languageName: node
  linkType: hard

"mimic-fn@npm:^3.0.0":
  version: 3.1.0
  resolution: "mimic-fn@npm:3.1.0"
  checksum: 10c0/a07cdd8ed6490c2dff5b11f889b245d9556b80f5a653a552a651d17cff5a2d156e632d235106c2369f00cccef4071704589574cf3601bc1b1400a1f620dff067
  languageName: node
  linkType: hard

"minimist@npm:^1.2.0":
  version: 1.2.8
  resolution: "minimist@npm:1.2.8"
  checksum: 10c0/19d3fcdca050087b84c2029841a093691a91259a47def2f18222f41e7645a0b7c44ef4b40e88a1e58a40c84d2ef0ee6047c55594d298146d0eb3f6b737c20ce6
  languageName: node
  linkType: hard

"minipass@npm:^3.0.0":
  version: 3.3.6
  resolution: "minipass@npm:3.3.6"
  dependencies:
    yallist: "npm:^4.0.0"
  checksum: 10c0/a114746943afa1dbbca8249e706d1d38b85ed1298b530f5808ce51f8e9e941962e2a5ad2e00eae7dd21d8a4aae6586a66d4216d1a259385e9d0358f0c1eba16c
  languageName: node
  linkType: hard

"minipass@npm:^4.0.0":
  version: 4.2.8
  resolution: "minipass@npm:4.2.8"
  checksum: 10c0/4ea76b030d97079f4429d6e8a8affd90baf1b6a1898977c8ccce4701c5a2ba2792e033abc6709373f25c2c4d4d95440d9d5e9464b46b7b76ca44d2ce26d939ce
  languageName: node
  linkType: hard

"minipass@npm:^5.0.0":
  version: 5.0.0
  resolution: "minipass@npm:5.0.0"
  checksum: 10c0/a91d8043f691796a8ac88df039da19933ef0f633e3d7f0d35dcd5373af49131cf2399bfc355f41515dc495e3990369c3858cd319e5c2722b4753c90bf3152462
  languageName: node
  linkType: hard

"minizlib@npm:^2.1.1":
  version: 2.1.2
  resolution: "minizlib@npm:2.1.2"
  dependencies:
    minipass: "npm:^3.0.0"
    yallist: "npm:^4.0.0"
  checksum: 10c0/64fae024e1a7d0346a1102bb670085b17b7f95bf6cfdf5b128772ec8faf9ea211464ea4add406a3a6384a7d87a0cd1a96263692134323477b4fb43659a6cab78
  languageName: node
  linkType: hard

"mkdirp@npm:^1.0.3":
  version: 1.0.4
  resolution: "mkdirp@npm:1.0.4"
  bin:
    mkdirp: bin/cmd.js
  checksum: 10c0/46ea0f3ffa8bc6a5bc0c7081ffc3907777f0ed6516888d40a518c5111f8366d97d2678911ad1a6882bf592fa9de6c784fea32e1687bb94e1f4944170af48a5cf
  languageName: node
  linkType: hard

"onetime@npm:^5.1.2":
  version: 5.1.2
  resolution: "onetime@npm:5.1.2"
  dependencies:
    mimic-fn: "npm:^2.1.0"
  checksum: 10c0/ffcef6fbb2692c3c40749f31ea2e22677a876daea92959b8a80b521d95cca7a668c884d8b2045d1d8ee7d56796aa405c405462af112a1477594cc63531baeb8f
  languageName: node
  linkType: hard

"p-limit@npm:^2.0.0":
  version: 2.3.0
  resolution: "p-limit@npm:2.3.0"
  dependencies:
    p-try: "npm:^2.0.0"
  checksum: 10c0/8da01ac53efe6a627080fafc127c873da40c18d87b3f5d5492d465bb85ec7207e153948df6b9cbaeb130be70152f874229b8242ee2be84c0794082510af97f12
  languageName: node
  linkType: hard

"p-locate@npm:^3.0.0":
  version: 3.0.0
  resolution: "p-locate@npm:3.0.0"
  dependencies:
    p-limit: "npm:^2.0.0"
  checksum: 10c0/7b7f06f718f19e989ce6280ed4396fb3c34dabdee0df948376483032f9d5ec22fdf7077ec942143a75827bb85b11da72016497fc10dac1106c837ed593969ee8
  languageName: node
  linkType: hard

"p-try@npm:^2.0.0":
  version: 2.2.0
  resolution: "p-try@npm:2.2.0"
  checksum: 10c0/c36c19907734c904b16994e6535b02c36c2224d433e01a2f1ab777237f4d86e6289fd5fd464850491e940379d4606ed850c03e0f9ab600b0ebddb511312e177f
  languageName: node
  linkType: hard

"path-exists@npm:^3.0.0":
  version: 3.0.0
  resolution: "path-exists@npm:3.0.0"
  checksum: 10c0/17d6a5664bc0a11d48e2b2127d28a0e58822c6740bde30403f08013da599182289c56518bec89407e3f31d3c2b6b296a4220bc3f867f0911fee6952208b04167
  languageName: node
  linkType: hard

"path-key@npm:^3.1.0":
  version: 3.1.1
  resolution: "path-key@npm:3.1.1"
  checksum: 10c0/748c43efd5a569c039d7a00a03b58eecd1d75f3999f5a28303d75f521288df4823bc057d8784eb72358b2895a05f29a070bc9f1f17d28226cc4e62494cc58c4c
  languageName: node
  linkType: hard

"picocolors@npm:1.0.0":
  version: 1.0.0
  resolution: "picocolors@npm:1.0.0"
  checksum: 10c0/20a5b249e331c14479d94ec6817a182fd7a5680debae82705747b2db7ec50009a5f6648d0621c561b0572703f84dbef0858abcbd5856d3c5511426afcb1961f7
  languageName: node
  linkType: hard

"picomatch@npm:^2.3.1":
  version: 2.3.1
  resolution: "picomatch@npm:2.3.1"
  checksum: 10c0/26c02b8d06f03206fc2ab8d16f19960f2ff9e81a658f831ecb656d8f17d9edc799e8364b1f4a7873e89d9702dff96204be0fa26fe4181f6843f040f819dac4be
  languageName: node
  linkType: hard

"pkg-up@npm:^3.1.0":
  version: 3.1.0
  resolution: "pkg-up@npm:3.1.0"
  dependencies:
    find-up: "npm:^3.0.0"
  checksum: 10c0/ecb60e1f8e1f611c0bdf1a0b6a474d6dfb51185567dc6f29cdef37c8d480ecba5362e006606bb290519bbb6f49526c403fabea93c3090c20368d98bb90c999ab
  languageName: node
  linkType: hard

"prettier-plugin-tailwindcss@npm:0.3.0":
  version: 0.3.0
  resolution: "prettier-plugin-tailwindcss@npm:0.3.0"
  peerDependencies:
    "@ianvs/prettier-plugin-sort-imports": "*"
    "@prettier/plugin-pug": "*"
    "@shopify/prettier-plugin-liquid": "*"
    "@shufo/prettier-plugin-blade": "*"
    "@trivago/prettier-plugin-sort-imports": "*"
    prettier: ">=2.2.0"
    prettier-plugin-astro: "*"
    prettier-plugin-css-order: "*"
    prettier-plugin-import-sort: "*"
    prettier-plugin-jsdoc: "*"
    prettier-plugin-marko: "*"
    prettier-plugin-organize-attributes: "*"
    prettier-plugin-organize-imports: "*"
    prettier-plugin-style-order: "*"
    prettier-plugin-svelte: "*"
    prettier-plugin-twig-melody: "*"
  peerDependenciesMeta:
    "@ianvs/prettier-plugin-sort-imports":
      optional: true
    "@prettier/plugin-pug":
      optional: true
    "@shopify/prettier-plugin-liquid":
      optional: true
    "@shufo/prettier-plugin-blade":
      optional: true
    "@trivago/prettier-plugin-sort-imports":
      optional: true
    prettier-plugin-astro:
      optional: true
    prettier-plugin-css-order:
      optional: true
    prettier-plugin-import-sort:
      optional: true
    prettier-plugin-jsdoc:
      optional: true
    prettier-plugin-marko:
      optional: true
    prettier-plugin-organize-attributes:
      optional: true
    prettier-plugin-organize-imports:
      optional: true
    prettier-plugin-style-order:
      optional: true
    prettier-plugin-svelte:
      optional: true
    prettier-plugin-twig-melody:
      optional: true
  checksum: 10c0/b7c4470097c1c4a9b280fcd89b6853a7afef07dc9596393b6cf90141abdd25bceb5222133aed4b4cd64c1849c09ae446eb54bf560214f5e309a9fbf8ce5af08c
  languageName: node
  linkType: hard

"prompts@npm:2.4.2":
  version: 2.4.2
  resolution: "prompts@npm:2.4.2"
  dependencies:
    kleur: "npm:^3.0.3"
    sisteransi: "npm:^1.0.5"
  checksum: 10c0/16f1ac2977b19fe2cf53f8411cc98db7a3c8b115c479b2ca5c82b5527cd937aa405fa04f9a5960abeb9daef53191b53b4d13e35c1f5d50e8718c76917c5f1ea4
  languageName: node
  linkType: hard

"punycode@npm:^2.1.0":
  version: 2.3.1
  resolution: "punycode@npm:2.3.1"
  checksum: 10c0/14f76a8206bc3464f794fb2e3d3cc665ae416c01893ad7a02b23766eb07159144ee612ad67af5e84fa4479ccfe67678c4feb126b0485651b302babf66f04f9e9
  languageName: node
  linkType: hard

"queue-microtask@npm:^1.2.2":
  version: 1.2.3
  resolution: "queue-microtask@npm:1.2.3"
  checksum: 10c0/900a93d3cdae3acd7d16f642c29a642aea32c2026446151f0778c62ac089d4b8e6c986811076e1ae180a694cedf077d453a11b58ff0a865629a4f82ab558e102
  languageName: node
  linkType: hard

"rc@npm:^1.0.1, rc@npm:^1.1.6":
  version: 1.2.8
  resolution: "rc@npm:1.2.8"
  dependencies:
    deep-extend: "npm:^0.6.0"
    ini: "npm:~1.3.0"
    minimist: "npm:^1.2.0"
    strip-json-comments: "npm:~2.0.1"
  bin:
    rc: ./cli.js
  checksum: 10c0/24a07653150f0d9ac7168e52943cc3cb4b7a22c0e43c7dff3219977c2fdca5a2760a304a029c20811a0e79d351f57d46c9bde216193a0f73978496afc2b85b15
  languageName: node
  linkType: hard

"registry-auth-token@npm:3.3.2":
  version: 3.3.2
  resolution: "registry-auth-token@npm:3.3.2"
  dependencies:
    rc: "npm:^1.1.6"
    safe-buffer: "npm:^5.0.1"
  checksum: 10c0/934b5d504ec6d94d78672dc5e74646c52793e74a6e400c1cffc78838bbb12c5f45e3ef3edba506f3295db794d4dda76f924f2948d48fe1f8e83b6500b0ba53c5
  languageName: node
  linkType: hard

"registry-url@npm:3.1.0":
  version: 3.1.0
  resolution: "registry-url@npm:3.1.0"
  dependencies:
    rc: "npm:^1.0.1"
  checksum: 10c0/345cf9638f99d95863d92800b3f595ac312c19d6865595e499fbeb33fcda04021a0dbdafbb5e61a838a89a558bc239d78752a1f90eb68cf53fdf0d91da816a7c
  languageName: node
  linkType: hard

"require-from-string@npm:^2.0.2":
  version: 2.0.2
  resolution: "require-from-string@npm:2.0.2"
  checksum: 10c0/aaa267e0c5b022fc5fd4eef49d8285086b15f2a1c54b28240fdf03599cbd9c26049fee3eab894f2e1f6ca65e513b030a7c264201e3f005601e80c49fb2937ce2
  languageName: node
  linkType: hard

"retry@npm:0.12.0":
  version: 0.12.0
  resolution: "retry@npm:0.12.0"
  checksum: 10c0/59933e8501727ba13ad73ef4a04d5280b3717fd650408460c987392efe9d7be2040778ed8ebe933c5cbd63da3dcc37919c141ef8af0a54a6e4fca5a2af177bfe
  languageName: node
  linkType: hard

"reusify@npm:^1.0.4":
  version: 1.0.4
  resolution: "reusify@npm:1.0.4"
  checksum: 10c0/c19ef26e4e188f408922c46f7ff480d38e8dfc55d448310dfb518736b23ed2c4f547fb64a6ed5bdba92cd7e7ddc889d36ff78f794816d5e71498d645ef476107
  languageName: node
  linkType: hard

"run-parallel@npm:^1.1.9":
  version: 1.2.0
  resolution: "run-parallel@npm:1.2.0"
  dependencies:
    queue-microtask: "npm:^1.2.2"
  checksum: 10c0/200b5ab25b5b8b7113f9901bfe3afc347e19bb7475b267d55ad0eb86a62a46d77510cb0f232507c9e5d497ebda569a08a9867d0d14f57a82ad5564d991588b39
  languageName: node
  linkType: hard

"safe-buffer@npm:^5.0.1":
  version: 5.2.1
  resolution: "safe-buffer@npm:5.2.1"
  checksum: 10c0/6501914237c0a86e9675d4e51d89ca3c21ffd6a31642efeba25ad65720bce6921c9e7e974e5be91a786b25aa058b5303285d3c15dbabf983a919f5f630d349f3
  languageName: node
  linkType: hard

"semver@npm:^7.3.5":
  version: 7.6.0
  resolution: "semver@npm:7.6.0"
  dependencies:
    lru-cache: "npm:^6.0.0"
  bin:
    semver: bin/semver.js
  checksum: 10c0/fbfe717094ace0aa8d6332d7ef5ce727259815bd8d8815700853f4faf23aacbd7192522f0dc5af6df52ef4fa85a355ebd2f5d39f554bd028200d6cf481ab9b53
  languageName: node
  linkType: hard

"shebang-command@npm:^2.0.0":
  version: 2.0.0
  resolution: "shebang-command@npm:2.0.0"
  dependencies:
    shebang-regex: "npm:^3.0.0"
  checksum: 10c0/a41692e7d89a553ef21d324a5cceb5f686d1f3c040759c50aab69688634688c5c327f26f3ecf7001ebfd78c01f3c7c0a11a7c8bfd0a8bc9f6240d4f40b224e4e
  languageName: node
  linkType: hard

"shebang-regex@npm:^3.0.0":
  version: 3.0.0
  resolution: "shebang-regex@npm:3.0.0"
  checksum: 10c0/1dbed0726dd0e1152a92696c76c7f06084eb32a90f0528d11acd764043aacf76994b2fb30aa1291a21bd019d6699164d048286309a278855ee7bec06cf6fb690
  languageName: node
  linkType: hard

"sisteransi@npm:^1.0.5":
  version: 1.0.5
  resolution: "sisteransi@npm:1.0.5"
  checksum: 10c0/230ac975cca485b7f6fe2b96a711aa62a6a26ead3e6fb8ba17c5a00d61b8bed0d7adc21f5626b70d7c33c62ff4e63933017a6462942c719d1980bb0b1207ad46
  languageName: node
  linkType: hard

"strip-json-comments@npm:~2.0.1":
  version: 2.0.1
  resolution: "strip-json-comments@npm:2.0.1"
  checksum: 10c0/b509231cbdee45064ff4f9fd73609e2bcc4e84a4d508e9dd0f31f70356473fde18abfb5838c17d56fb236f5a06b102ef115438de0600b749e818a35fbbc48c43
  languageName: node
  linkType: hard

"tar@npm:6.1.15":
  version: 6.1.15
  resolution: "tar@npm:6.1.15"
  dependencies:
    chownr: "npm:^2.0.0"
    fs-minipass: "npm:^2.0.0"
    minipass: "npm:^5.0.0"
    minizlib: "npm:^2.1.1"
    mkdirp: "npm:^1.0.3"
    yallist: "npm:^4.0.0"
  checksum: 10c0/bb2babe7b14442f690d83c2b2c571c9dd0bf802314773e05f4a3e4a241fdecd7fb560b8e4e7d6ea34533c8cd692e1b8418a3b8ba3b9687fe78a683dfbad7f82d
  languageName: node
  linkType: hard

"to-regex-range@npm:^5.0.1":
  version: 5.0.1
  resolution: "to-regex-range@npm:5.0.1"
  dependencies:
    is-number: "npm:^7.0.0"
  checksum: 10c0/487988b0a19c654ff3e1961b87f471702e708fa8a8dd02a298ef16da7206692e8552a0250e8b3e8759270f62e9d8314616f6da274734d3b558b1fc7b7724e892
  languageName: node
  linkType: hard

"typescript@npm:^5.4.4":
  version: 5.4.4
  resolution: "typescript@npm:5.4.4"
  bin:
    tsc: bin/tsc
    tsserver: bin/tsserver
  checksum: 10c0/4d8de0291204ed61ca97ad0cba2ce064e09c4988ca1c451c787e4653ba76296ba35177a52694e8a00cf4ef899d0ee83338663b926d8b7d55167ff0ba81549999
  languageName: node
  linkType: hard

"typescript@patch:typescript@npm%3A^5.4.4#optional!builtin<compat/typescript>":
  version: 5.4.4
  resolution: "typescript@patch:typescript@npm%3A5.4.4#optional!builtin<compat/typescript>::version=5.4.4&hash=5adc0c"
  bin:
    tsc: bin/tsc
    tsserver: bin/tsserver
  checksum: 10c0/1fa41b9964a9ff0ed913b339c90b46031b2d2da3cb1a192af516610733f7f1d5f7f9754a8e22b9ac7076d3d8aedd2c4f84db3f113bad060eac3a95962443a1bf
  languageName: node
  linkType: hard

"undici-types@npm:~5.26.4":
  version: 5.26.5
  resolution: "undici-types@npm:5.26.5"
  checksum: 10c0/bb673d7876c2d411b6eb6c560e0c571eef4a01c1c19925175d16e3a30c4c428181fb8d7ae802a261f283e4166a0ac435e2f505743aa9e45d893f9a3df017b501
  languageName: node
  linkType: hard

"update-check@npm:1.5.4":
  version: 1.5.4
  resolution: "update-check@npm:1.5.4"
  dependencies:
    registry-auth-token: "npm:3.3.2"
    registry-url: "npm:3.1.0"
  checksum: 10c0/ac4b8dafa5db9b1c8ff5d0cfcc3b4c5687c390526b3218155e27173c7ca647572ea9e523dd3463523e698ef94d273768b395748da54655fe773dada59ac9c7b0
  languageName: node
  linkType: hard

"uri-js@npm:^4.2.2":
  version: 4.4.1
  resolution: "uri-js@npm:4.4.1"
  dependencies:
    punycode: "npm:^2.1.0"
  checksum: 10c0/4ef57b45aa820d7ac6496e9208559986c665e49447cb072744c13b66925a362d96dd5a46c4530a6b8e203e5db5fe849369444440cb22ecfc26c679359e5dfa3c
  languageName: node
  linkType: hard

"validate-npm-package-name@npm:3.0.0":
  version: 3.0.0
  resolution: "validate-npm-package-name@npm:3.0.0"
  dependencies:
    builtins: "npm:^1.0.3"
  checksum: 10c0/064f21f59aefae6cc286dd4a50b15d14adb0227e0facab4316197dfb8d06801669e997af5081966c15f7828a5e6ff1957bd20886aeb6b9d0fa430e4cb5db9c4a
  languageName: node
  linkType: hard

"which@npm:^2.0.1":
  version: 2.0.2
  resolution: "which@npm:2.0.2"
  dependencies:
    isexe: "npm:^2.0.0"
  bin:
    node-which: ./bin/node-which
  checksum: 10c0/66522872a768b60c2a65a57e8ad184e5372f5b6a9ca6d5f033d4b0dc98aff63995655a7503b9c0a2598936f532120e81dd8cc155e2e92ed662a2b9377cc4374f
  languageName: node
  linkType: hard

"yallist@npm:^4.0.0":
  version: 4.0.0
  resolution: "yallist@npm:4.0.0"
  checksum: 10c0/2286b5e8dbfe22204ab66e2ef5cc9bbb1e55dfc873bbe0d568aa943eb255d131890dfd5bf243637273d31119b870f49c18fcde2c6ffbb7a7a092b870dc90625a
  languageName: node
  linkType: hard
